
Microsoft Visual Studio Solution File, Format Version 12.00
# Visual Studio 2017
Project("{FAE04EC0-301F-11D3-BF4B-00C04F79EFBC}") = "Space_Shooter", "Space_Shooter.csproj", "{8F1A6ADA-8E5A-AF28-9F16-040BBEB10890}"
EndProject
Project("{FAE04EC0-301F-11D3-BF4B-00C04F79EFBC}") = "Space_Shooter.Editor", "Space_Shooter.Editor.csproj", "{E6AB8605-AE98-2A7E-A76F-A58BA3BA6BCA}"
EndProject
Global
	GlobalSection(SolutionConfigurationPlatforms) = preSolution
		Debug|Any CPU = Debug|Any CPU
		Release|Any CPU = Release|Any CPU
	EndGlobalSection
	GlobalSection(ProjectConfigurationPlatforms) = postSolution
		{8F1A6ADA-8E5A-AF28-9F16-040BBEB10890}.Debug|Any CPU.ActiveCfg = Debug|Any CPU
		{8F1A6ADA-8E5A-AF28-9F16-040BBEB10890}.Debug|Any CPU.Build.0 = Debug|Any CPU
		{8F1A6ADA-8E5A-AF28-9F16-040BBEB10890}.Release|Any CPU.ActiveCfg = Release|Any CPU
		{8F1A6ADA-8E5A-AF28-9F16-040BBEB10890}.Release|Any CPU.Build.0 = Release|Any CPU
		{E6AB8605-AE98-2A7E-A76F-A58BA3BA6BCA}.Debug|Any CPU.ActiveCfg = Debug|Any CPU
		{E6AB8605-AE98-2A7E-A76F-A58BA3BA6BCA}.Debug|Any CPU.Build.0 = Debug|Any CPU
		{E6AB8605-AE98-2A7E-A76F-A58BA3BA6BCA}.Release|Any CPU.ActiveCfg = Release|Any CPU
		{E6AB8605-AE98-2A7E-A76F-A58BA3BA6BCA}.Release|Any CPU.Build.0 = Release|Any CPU
	EndGlobalSection
	GlobalSection(SolutionProperties) = preSolution
		HideSolutionNode = FALSE
	EndGlobalSection
EndGlobal
